
Microsoft Visual Studio Solution File, Format Version 12.00
# Visual Studio 15
VisualStudioVersion = 15.0.27703.2047
MinimumVisualStudioVersion = 10.0.40219.1
Project("{8BC9CEB8-8B4A-11D0-8D11-00A0C91BC942}") = "BAEK_2438", "BAEK_2438.vcxproj", "{28381541-8FB9-436D-8114-ACA3B151EB30}"
EndProject
Global
	GlobalSection(SolutionConfigurationPlatforms) = preSolution
		Debug|x64 = Debug|x64
		Debug|x86 = Debug|x86
		Release|x64 = Release|x64
		Release|x86 = Release|x86
	EndGlobalSection
	GlobalSection(ProjectConfigurationPlatforms) = postSolution
		{28381541-8FB9-436D-8114-ACA3B151EB30}.Debug|x64.ActiveCfg = Debug|x64
		{28381541-8FB9-436D-8114-ACA3B151EB30}.Debug|x64.Build.0 = Debug|x64
		{28381541-8FB9-436D-8114-ACA3B151EB30}.Debug|x86.ActiveCfg = Debug|Win32
		{28381541-8FB9-436D-8114-ACA3B151EB30}.Debug|x86.Build.0 = Debug|Win32
		{28381541-8FB9-436D-8114-ACA3B151EB30}.Release|x64.ActiveCfg = Release|x64
		{28381541-8FB9-436D-8114-ACA3B151EB30}.Release|x64.Build.0 = Release|x64
		{28381541-8FB9-436D-8114-ACA3B151EB30}.Release|x86.ActiveCfg = Release|Win32
		{28381541-8FB9-436D-8114-ACA3B151EB30}.Release|x86.Build.0 = Release|Win32
	EndGlobalSection
	GlobalSection(SolutionProperties) = preSolution
		HideSolutionNode = FALSE
	EndGlobalSection
	GlobalSection(ExtensibilityGlobals) = postSolution
		SolutionGuid = {A97DB3E4-1B84-4DA5-89DD-2258A2A0AF8F}
	EndGlobalSection
EndGlobal
